
Microsoft Visual Studio Solution File, Format Version 12.00
# Visual Studio Version 17
VisualStudioVersion = 17.10.35004.147
MinimumVisualStudioVersion = 10.0.40219.1
Project("{FAE04EC0-301F-11D3-BF4B-00C04F79EFBC}") = "HoursMinutes", "HoursMinutes\HoursMinutes.csproj", "{80C3B640-8299-4111-9C6F-EFED506175EA}"
EndProject
Global
	GlobalSection(SolutionConfigurationPlatforms) = preSolution
		Debug|Any CPU = Debug|Any CPU
		Release|Any CPU = Release|Any CPU
	EndGlobalSection
	GlobalSection(ProjectConfigurationPlatforms) = postSolution
		{80C3B640-8299-4111-9C6F-EFED506175EA}.Debug|Any CPU.ActiveCfg = Debug|Any CPU
		{80C3B640-8299-4111-9C6F-EFED506175EA}.Debug|Any CPU.Build.0 = Debug|Any CPU
		{80C3B640-8299-4111-9C6F-EFED506175EA}.Release|Any CPU.ActiveCfg = Release|Any CPU
		{80C3B640-8299-4111-9C6F-EFED506175EA}.Release|Any CPU.Build.0 = Release|Any CPU
	EndGlobalSection
	GlobalSection(SolutionProperties) = preSolution
		HideSolutionNode = FALSE
	EndGlobalSection
	GlobalSection(ExtensibilityGlobals) = postSolution
		SolutionGuid = {A123470A-F3E7-46CE-8189-79625CF6FB45}
	EndGlobalSection
EndGlobal
